
Microsoft Visual Studio Solution File, Format Version 12.00
# Visual Studio 15
VisualStudioVersion = 15.0.26430.16
MinimumVisualStudioVersion = 10.0.40219.1
Project("{FAE04EC0-301F-11D3-BF4B-00C04F79EFBC}") = "SachielExample", "SachielExample\SachielExample.csproj", "{A2ABEEEE-D237-4F40-A119-598CC64A2516}"
EndProject
Project("{9A19103F-16F7-4668-BE54-9A1E7A4F7556}") = "Sachiel", "Sachiel\Sachiel.csproj", "{5A06376B-A418-4D1D-9B8D-C35113CCBFB6}"
EndProject
Global
	GlobalSection(SolutionConfigurationPlatforms) = preSolution
		Debug|Any CPU = Debug|Any CPU
		Release|Any CPU = Release|Any CPU
	EndGlobalSection
	GlobalSection(ProjectConfigurationPlatforms) = postSolution
		{A2ABEEEE-D237-4F40-A119-598CC64A2516}.Debug|Any CPU.ActiveCfg = Debug|Any CPU
		{A2ABEEEE-D237-4F40-A119-598CC64A2516}.Debug|Any CPU.Build.0 = Debug|Any CPU
		{A2ABEEEE-D237-4F40-A119-598CC64A2516}.Release|Any CPU.ActiveCfg = Release|Any CPU
		{A2ABEEEE-D237-4F40-A119-598CC64A2516}.Release|Any CPU.Build.0 = Release|Any CPU
		{5A06376B-A418-4D1D-9B8D-C35113CCBFB6}.Debug|Any CPU.ActiveCfg = Debug|Any CPU
		{5A06376B-A418-4D1D-9B8D-C35113CCBFB6}.Debug|Any CPU.Build.0 = Debug|Any CPU
		{5A06376B-A418-4D1D-9B8D-C35113CCBFB6}.Release|Any CPU.ActiveCfg = Release|Any CPU
		{5A06376B-A418-4D1D-9B8D-C35113CCBFB6}.Release|Any CPU.Build.0 = Release|Any CPU
	EndGlobalSection
	GlobalSection(SolutionProperties) = preSolution
		HideSolutionNode = FALSE
	EndGlobalSection
EndGlobal
