
Microsoft Visual Studio Solution File, Format Version 12.00
# Visual Studio 15
VisualStudioVersion = 15.0.26430.6
MinimumVisualStudioVersion = 10.0.40219.1
Project("{FAE04EC0-301F-11D3-BF4B-00C04F79EFBC}") = "Sachiel", "Sachiel\Sachiel.csproj", "{255B406B-CA2D-41FC-92AF-1A9D10B7A2B4}"
EndProject
Project("{FAE04EC0-301F-11D3-BF4B-00C04F79EFBC}") = "SachielExample", "SachielExample\SachielExample.csproj", "{A2ABEEEE-D237-4F40-A119-598CC64A2516}"
	ProjectSection(ProjectDependencies) = postProject
		{255B406B-CA2D-41FC-92AF-1A9D10B7A2B4} = {255B406B-CA2D-41FC-92AF-1A9D10B7A2B4}
	EndProjectSection
EndProject
Global
	GlobalSection(SolutionConfigurationPlatforms) = preSolution
		Debug|Any CPU = Debug|Any CPU
		Release|Any CPU = Release|Any CPU
	EndGlobalSection
	GlobalSection(ProjectConfigurationPlatforms) = postSolution
		{255B406B-CA2D-41FC-92AF-1A9D10B7A2B4}.Debug|Any CPU.ActiveCfg = Debug|Any CPU
		{255B406B-CA2D-41FC-92AF-1A9D10B7A2B4}.Debug|Any CPU.Build.0 = Debug|Any CPU
		{255B406B-CA2D-41FC-92AF-1A9D10B7A2B4}.Release|Any CPU.ActiveCfg = Release|Any CPU
		{255B406B-CA2D-41FC-92AF-1A9D10B7A2B4}.Release|Any CPU.Build.0 = Release|Any CPU
		{A2ABEEEE-D237-4F40-A119-598CC64A2516}.Debug|Any CPU.ActiveCfg = Debug|Any CPU
		{A2ABEEEE-D237-4F40-A119-598CC64A2516}.Debug|Any CPU.Build.0 = Debug|Any CPU
		{A2ABEEEE-D237-4F40-A119-598CC64A2516}.Release|Any CPU.ActiveCfg = Release|Any CPU
		{A2ABEEEE-D237-4F40-A119-598CC64A2516}.Release|Any CPU.Build.0 = Release|Any CPU
	EndGlobalSection
	GlobalSection(SolutionProperties) = preSolution
		HideSolutionNode = FALSE
	EndGlobalSection
EndGlobal
